
Microsoft Visual Studio Solution File, Format Version 12.00
# Visual Studio 15
VisualStudioVersion = 15.0.28307.421
MinimumVisualStudioVersion = 10.0.40219.1
Project("{FAE04EC0-301F-11D3-BF4B-00C04F79EFBC}") = "StringIO_TextView", "StringIO_TextView\StringIO_TextView.csproj", "{70375E43-CB6B-45F9-B3FB-8E69B1B9C9BA}"
EndProject
Global
	GlobalSection(SolutionConfigurationPlatforms) = preSolution
		Debug|Any CPU = Debug|Any CPU
		Release|Any CPU = Release|Any CPU
	EndGlobalSection
	GlobalSection(ProjectConfigurationPlatforms) = postSolution
		{70375E43-CB6B-45F9-B3FB-8E69B1B9C9BA}.Debug|Any CPU.ActiveCfg = Debug|Any CPU
		{70375E43-CB6B-45F9-B3FB-8E69B1B9C9BA}.Debug|Any CPU.Build.0 = Debug|Any CPU
		{70375E43-CB6B-45F9-B3FB-8E69B1B9C9BA}.Release|Any CPU.ActiveCfg = Release|Any CPU
		{70375E43-CB6B-45F9-B3FB-8E69B1B9C9BA}.Release|Any CPU.Build.0 = Release|Any CPU
	EndGlobalSection
	GlobalSection(SolutionProperties) = preSolution
		HideSolutionNode = FALSE
	EndGlobalSection
	GlobalSection(ExtensibilityGlobals) = postSolution
		SolutionGuid = {B5755320-7821-4F92-86FE-34DE04F443BE}
	EndGlobalSection
EndGlobal
